{
  "name": "NodeJS_EOMP",
  "lockfileVersion": 3,
  "requires": true,
  "packages": {
    "": {
      "dependencies": {
        "salt": "^0.5.5"
      }
    },
    "node_modules/genData": {
      "version": "3.1.0",
      "resolved": "https://registry.npmjs.org/genData/-/genData-3.1.0.tgz",
      "integrity": "sha512-rdUS7F0ORqPtTMz5y9zEvcpwJaTlFWlw9qlAwOSa3bPshqGArg+0JJz7tfSmvBrz7pcYkJ0EFwO6Ky4+y6p9Dg==",
      "engines": {
        "node": ">= 0.5.0"
      }
    },
    "node_modules/panzer": {
      "version": "0.3.13",
      "resolved": "https://registry.npmjs.org/panzer/-/panzer-0.3.13.tgz",
      "integrity": "sha512-1sT4zlVEugArsws/O1/4vjKGnQjIdMCZSulZn2zbjtDeCzSGWDhLH5A9cg1KF3GJqPRtOKOH8mkbrtcKSTQxsA==",
      "dependencies": {
        "genData": "~3.1"
      },
      "engines": {
        "node": ">= 0.5.0"
      }
    },
    "node_modules/salt": {
      "version": "0.5.5",
      "resolved": "https://registry.npmjs.org/salt/-/salt-0.5.5.tgz",
      "integrity": "sha512-sBa9JkxlQAZjTjMFtkrySrLqYQboTnZx4balhggHin5CO9CIKGXpMzGB9MUrsohaTXGIoGD6JxDUR+dBca3x/w==",
      "dependencies": {
        "panzer": "~0.3"
      },
      "engines": {
        "node": ">=0.6.x <=0.11.x"
      }
    }
  }
}
